PODS:
  - Alamofire (5.4.2)
  - DITranquillity (4.2.1):
    - SwiftLazy (>= 1.1.6)
  - R.swift (5.4.0):
    - R.swift.Library (~> 5.3.0)
  - R.swift.Library (5.3.0)
  - SwiftLazy (1.1.7)
  - SwiftyUserDefaults (5.3.0)

DEPENDENCIES:
  - Alamofire
  - DITranquillity
  - R.swift
  - SwiftyUserDefaults

SPEC REPOS:
  trunk:
    - Alamofire
    - DITranquillity
    - R.swift
    - R.swift.Library
    - SwiftLazy
    - SwiftyUserDefaults

SPEC CHECKSUMS:
  Alamofire: bfbc4c2fe5909b1d94fb4ef2277c6b3727ef5dae
  DITranquillity: b8ee7bc7a69565fc3391c5ad4f43260739d5a2ef
  R.swift: c533450b0f7dc494e0993f5f1a1db925d84c3006
  R.swift.Library: 0fc583cb55a99e28901299cc451614cad1161962
  SwiftLazy: dcb1edc6c2b633ba2e68f28554d9dd6d1c0bfd13
  SwiftyUserDefaults: 63f80248cf5bfb3458825d9a78f2eb7e1293a040

PODFILE CHECKSUM: 4d15e9c74d6319143bea0706b59a836f0a3c3ef1

COCOAPODS: 1.10.1
