PODS:
  - Alamofire (5.4.3)
  - DITranquillity (4.3.3):
    - SwiftLazy (>= 1.1.6)
  - R.swift (5.4.0):
    - R.swift.Library (~> 5.3.0)
  - R.swift.Library (5.3.0)
  - SwiftLazy (1.1.9)
  - SwiftyUserDefaults (5.3.0)

DEPENDENCIES:
  - Alamofire
  - DITranquillity
  - R.swift
  - SwiftyUserDefaults

SPEC REPOS:
  trunk:
    - Alamofire
    - DITranquillity
    - R.swift
    - R.swift.Library
    - SwiftLazy
    - SwiftyUserDefaults

SPEC CHECKSUMS:
  Alamofire: e447a2774a40c996748296fa2c55112fdbbc42f9
  DITranquillity: e8ca5bd81a2c83de4b7c50d4ff4da613e3e2952b
  R.swift: c533450b0f7dc494e0993f5f1a1db925d84c3006
  R.swift.Library: 0fc583cb55a99e28901299cc451614cad1161962
  SwiftLazy: 1657354f43dbd6a0a79e00ad67558d655c77bdc9
  SwiftyUserDefaults: 63f80248cf5bfb3458825d9a78f2eb7e1293a040

PODFILE CHECKSUM: 4d15e9c74d6319143bea0706b59a836f0a3c3ef1

COCOAPODS: 1.10.1
