// !$*UTF8*$!
{
	archiveVersion = 1;
	classes = {
	};
	objectVersion = 50;
	objects = {

/* Begin PBXBuildFile section */
		259793BC36D9E87A62809DD1 /* libPods-CoctailMasterTests.a in Frameworks */ = {isa = PBXBuildFile; fileRef = 6E469835762DF08DC6A291BE /* libPods-CoctailMasterTests.a */; };
		28678CB1205B2AFBE596E48F /* libPods-CoctailMaster.a in Frameworks */ = {isa = PBXBuildFile; fileRef = 1B06A2371A8F9D1A0C0AEF82 /* libPods-CoctailMaster.a */; };
		93363E5E2565A815007F522D /* AppDelegate.swift in Sources */ = {isa = PBXBuildFile; fileRef = 93363E5D2565A815007F522D /* AppDelegate.swift */; };
		93363E602565A815007F522D /* SceneDelegate.swift in Sources */ = {isa = PBXBuildFile; fileRef = 93363E5F2565A815007F522D /* SceneDelegate.swift */; };
		93363E622565A815007F522D /* RootViewController.swift in Sources */ = {isa = PBXBuildFile; fileRef = 93363E612565A815007F522D /* RootViewController.swift */; };
		93363E672565A815007F522D /* Assets.xcassets in Resources */ = {isa = PBXBuildFile; fileRef = 93363E662565A815007F522D /* Assets.xcassets */; };
		93363E6A2565A815007F522D /* LaunchScreen.storyboard in Resources */ = {isa = PBXBuildFile; fileRef = 93363E682565A815007F522D /* LaunchScreen.storyboard */; };
		93363E752565A816007F522D /* CoctailMasterTests.swift in Sources */ = {isa = PBXBuildFile; fileRef = 93363E742565A816007F522D /* CoctailMasterTests.swift */; };
		93363E802565A816007F522D /* CoctailMasterUITests.swift in Sources */ = {isa = PBXBuildFile; fileRef = 93363E7F2565A816007F522D /* CoctailMasterUITests.swift */; };
		93363EAE2565A97E007F522D /* RootCoordinator.swift in Sources */ = {isa = PBXBuildFile; fileRef = 93363EAD2565A97E007F522D /* RootCoordinator.swift */; };
		93363EB32565A998007F522D /* Coordinator.swift in Sources */ = {isa = PBXBuildFile; fileRef = 93363EB22565A998007F522D /* Coordinator.swift */; };
		93363EEB2565AA65007F522D /* AutolayoutWrapper.swift in Sources */ = {isa = PBXBuildFile; fileRef = 93363EEA2565AA65007F522D /* AutolayoutWrapper.swift */; };
		93363F0B2565AE9F007F522D /* NetworkManager.swift in Sources */ = {isa = PBXBuildFile; fileRef = 93363F0A2565AE9F007F522D /* NetworkManager.swift */; };
		93857AAF2565B18F00221DDD /* RootViewModel.swift in Sources */ = {isa = PBXBuildFile; fileRef = 93857AAE2565B18F00221DDD /* RootViewModel.swift */; };
		93D1A7E025A1EB950077BB1D /* AppContainer.swift in Sources */ = {isa = PBXBuildFile; fileRef = 93D1A7DC25A1EB950077BB1D /* AppContainer.swift */; };
		93D1A7E125A1EB950077BB1D /* AppFramework.swift in Sources */ = {isa = PBXBuildFile; fileRef = 93D1A7DD25A1EB950077BB1D /* AppFramework.swift */; };
		93D1A80825A1EF7E0077BB1D /* CommonUtils.swift in Sources */ = {isa = PBXBuildFile; fileRef = 93D1A80725A1EF7E0077BB1D /* CommonUtils.swift */; };
/* End PBXBuildFile section */

/* Begin PBXContainerItemProxy section */
		93363E712565A816007F522D /* PBXContainerItemProxy */ = {
			isa = PBXContainerItemProxy;
			containerPortal = 93363E522565A815007F522D /* Project object */;
			proxyType = 1;
			remoteGlobalIDString = 93363E592565A815007F522D;
			remoteInfo = CoctailMaster;
		};
		93363E7C2565A816007F522D /* PBXContainerItemProxy */ = {
			isa = PBXContainerItemProxy;
			containerPortal = 93363E522565A815007F522D /* Project object */;
			proxyType = 1;
			remoteGlobalIDString = 93363E592565A815007F522D;
			remoteInfo = CoctailMaster;
		};
/* End PBXContainerItemProxy section */

/* Begin PBXFileReference section */
		1B06A2371A8F9D1A0C0AEF82 /* libPods-CoctailMaster.a */ = {isa = PBXFileReference; explicitFileType = archive.ar; includeInIndex = 0; path = "libPods-CoctailMaster.a"; sourceTree = BUILT_PRODUCTS_DIR; };
		2174CAFF1C537064D4F3580C /* Pods-CoctailMasterTests.release.xcconfig */ = {isa = PBXFileReference; includeInIndex = 1; lastKnownFileType = text.xcconfig; name = "Pods-CoctailMasterTests.release.xcconfig"; path = "Target Support Files/Pods-CoctailMasterTests/Pods-CoctailMasterTests.release.xcconfig"; sourceTree = "<group>"; };
		6228CF659E5FF1A3F12B3BD0 /* Pods-CoctailMaster.release.xcconfig */ = {isa = PBXFileReference; includeInIndex = 1; lastKnownFileType = text.xcconfig; name = "Pods-CoctailMaster.release.xcconfig"; path = "Target Support Files/Pods-CoctailMaster/Pods-CoctailMaster.release.xcconfig"; sourceTree = "<group>"; };
		6CD49FA5E1124582E95E2925 /* Pods-CoctailMasterTests.debug.xcconfig */ = {isa = PBXFileReference; includeInIndex = 1; lastKnownFileType = text.xcconfig; name = "Pods-CoctailMasterTests.debug.xcconfig"; path = "Target Support Files/Pods-CoctailMasterTests/Pods-CoctailMasterTests.debug.xcconfig"; sourceTree = "<group>"; };
		6E469835762DF08DC6A291BE /* libPods-CoctailMasterTests.a */ = {isa = PBXFileReference; explicitFileType = archive.ar; includeInIndex = 0; path = "libPods-CoctailMasterTests.a"; sourceTree = BUILT_PRODUCTS_DIR; };
		93363E5A2565A815007F522D /* CoctailMaster.app */ = {isa = PBXFileReference; explicitFileType = wrapper.application; includeInIndex = 0; path = CoctailMaster.app; sourceTree = BUILT_PRODUCTS_DIR; };
		93363E5D2565A815007F522D /* AppDelegate.swift */ = {isa = PBXFileReference; lastKnownFileType = sourcecode.swift; path = AppDelegate.swift; sourceTree = "<group>"; };
		93363E5F2565A815007F522D /* SceneDelegate.swift */ = {isa = PBXFileReference; lastKnownFileType = sourcecode.swift; path = SceneDelegate.swift; sourceTree = "<group>"; };
		93363E612565A815007F522D /* RootViewController.swift */ = {isa = PBXFileReference; lastKnownFileType = sourcecode.swift; path = RootViewController.swift; sourceTree = "<group>"; };
		93363E662565A815007F522D /* Assets.xcassets */ = {isa = PBXFileReference; lastKnownFileType = folder.assetcatalog; path = Assets.xcassets; sourceTree = "<group>"; };
		93363E692565A815007F522D /* Base */ = {isa = PBXFileReference; lastKnownFileType = file.storyboard; name = Base; path = Base.lproj/LaunchScreen.storyboard; sourceTree = "<group>"; };
		93363E6B2565A815007F522D /* Info.plist */ = {isa = PBXFileReference; lastKnownFileType = text.plist.xml; path = Info.plist; sourceTree = "<group>"; };
		93363E702565A816007F522D /* CoctailMasterTests.xctest */ = {isa = PBXFileReference; explicitFileType = wrapper.cfbundle; includeInIndex = 0; path = CoctailMasterTests.xctest; sourceTree = BUILT_PRODUCTS_DIR; };
		93363E742565A816007F522D /* CoctailMasterTests.swift */ = {isa = PBXFileReference; lastKnownFileType = sourcecode.swift; path = CoctailMasterTests.swift; sourceTree = "<group>"; };
		93363E762565A816007F522D /* Info.plist */ = {isa = PBXFileReference; lastKnownFileType = text.plist.xml; path = Info.plist; sourceTree = "<group>"; };
		93363E7B2565A816007F522D /* CoctailMasterUITests.xctest */ = {isa = PBXFileReference; explicitFileType = wrapper.cfbundle; includeInIndex = 0; path = CoctailMasterUITests.xctest; sourceTree = BUILT_PRODUCTS_DIR; };
		93363E7F2565A816007F522D /* CoctailMasterUITests.swift */ = {isa = PBXFileReference; lastKnownFileType = sourcecode.swift; path = CoctailMasterUITests.swift; sourceTree = "<group>"; };
		93363E812565A816007F522D /* Info.plist */ = {isa = PBXFileReference; lastKnownFileType = text.plist.xml; path = Info.plist; sourceTree = "<group>"; };
		93363EAD2565A97E007F522D /* RootCoordinator.swift */ = {isa = PBXFileReference; lastKnownFileType = sourcecode.swift; path = RootCoordinator.swift; sourceTree = "<group>"; };
		93363EB22565A998007F522D /* Coordinator.swift */ = {isa = PBXFileReference; lastKnownFileType = sourcecode.swift; path = Coordinator.swift; sourceTree = "<group>"; };
		93363EEA2565AA65007F522D /* AutolayoutWrapper.swift */ = {isa = PBXFileReference; lastKnownFileType = sourcecode.swift; path = AutolayoutWrapper.swift; sourceTree = "<group>"; };
		93363EF92565ACFA007F522D /* libswiftWebKit.tbd */ = {isa = PBXFileReference; lastKnownFileType = "sourcecode.text-based-dylib-definition"; name = libswiftWebKit.tbd; path = usr/lib/swift/libswiftWebKit.tbd; sourceTree = SDKROOT; };
		93363F0A2565AE9F007F522D /* NetworkManager.swift */ = {isa = PBXFileReference; lastKnownFileType = sourcecode.swift; path = NetworkManager.swift; sourceTree = "<group>"; };
		93857AAE2565B18F00221DDD /* RootViewModel.swift */ = {isa = PBXFileReference; lastKnownFileType = sourcecode.swift; path = RootViewModel.swift; sourceTree = "<group>"; };
		93D1A7DC25A1EB950077BB1D /* AppContainer.swift */ = {isa = PBXFileReference; fileEncoding = 4; lastKnownFileType = sourcecode.swift; path = AppContainer.swift; sourceTree = "<group>"; };
		93D1A7DD25A1EB950077BB1D /* AppFramework.swift */ = {isa = PBXFileReference; fileEncoding = 4; lastKnownFileType = sourcecode.swift; path = AppFramework.swift; sourceTree = "<group>"; };
		93D1A80725A1EF7E0077BB1D /* CommonUtils.swift */ = {isa = PBXFileReference; lastKnownFileType = sourcecode.swift; path = CommonUtils.swift; sourceTree = "<group>"; };
		E7C63E56772337399B3E8A04 /* Pods-CoctailMaster.debug.xcconfig */ = {isa = PBXFileReference; includeInIndex = 1; lastKnownFileType = text.xcconfig; name = "Pods-CoctailMaster.debug.xcconfig"; path = "Target Support Files/Pods-CoctailMaster/Pods-CoctailMaster.debug.xcconfig"; sourceTree = "<group>"; };
/* End PBXFileReference section */

/* Begin PBXFrameworksBuildPhase section */
		93363E572565A815007F522D /* Frameworks */ = {
			isa = PBXFrameworksBuildPhase;
			buildActionMask = 2147483647;
			files = (
				28678CB1205B2AFBE596E48F /* libPods-CoctailMaster.a in Frameworks */,
			);
			runOnlyForDeploymentPostprocessing = 0;
		};
		93363E6D2565A816007F522D /* Frameworks */ = {
			isa = PBXFrameworksBuildPhase;
			buildActionMask = 2147483647;
			files = (
				259793BC36D9E87A62809DD1 /* libPods-CoctailMasterTests.a in Frameworks */,
			);
			runOnlyForDeploymentPostprocessing = 0;
		};
		93363E782565A816007F522D /* Frameworks */ = {
			isa = PBXFrameworksBuildPhase;
			buildActionMask = 2147483647;
			files = (
			);
			runOnlyForDeploymentPostprocessing = 0;
		};
/* End PBXFrameworksBuildPhase section */

/* Begin PBXGroup section */
		93363E512565A815007F522D = {
			isa = PBXGroup;
			children = (
				93363E5C2565A815007F522D /* CoctailMaster */,
				93363E732565A816007F522D /* CoctailMasterTests */,
				93363E7E2565A816007F522D /* CoctailMasterUITests */,
				93363E5B2565A815007F522D /* Products */,
				93363EF82565ACFA007F522D /* Frameworks */,
				FE8BA8F8BAAECEC0B3E17C5C /* Pods */,
			);
			sourceTree = "<group>";
		};
		93363E5B2565A815007F522D /* Products */ = {
			isa = PBXGroup;
			children = (
				93363E5A2565A815007F522D /* CoctailMaster.app */,
				93363E702565A816007F522D /* CoctailMasterTests.xctest */,
				93363E7B2565A816007F522D /* CoctailMasterUITests.xctest */,
			);
			name = Products;
			sourceTree = "<group>";
		};
		93363E5C2565A815007F522D /* CoctailMaster */ = {
			isa = PBXGroup;
			children = (
				93D1A7DA25A1EB870077BB1D /* DI */,
				93363E662565A815007F522D /* Assets.xcassets */,
				93BC90D425A19DAB007EB91A /* ExtensionsAndUtils */,
				93BC90D725A19DE4007EB91A /* Managers */,
				93BC90D525A19DBF007EB91A /* Modules */,
				93BC90D825A19DF7007EB91A /* SupportingFiles */,
			);
			path = CoctailMaster;
			sourceTree = "<group>";
		};
		93363E732565A816007F522D /* CoctailMasterTests */ = {
			isa = PBXGroup;
			children = (
				93363E742565A816007F522D /* CoctailMasterTests.swift */,
				93363E762565A816007F522D /* Info.plist */,
			);
			path = CoctailMasterTests;
			sourceTree = "<group>";
		};
		93363E7E2565A816007F522D /* CoctailMasterUITests */ = {
			isa = PBXGroup;
			children = (
				93363E7F2565A816007F522D /* CoctailMasterUITests.swift */,
				93363E812565A816007F522D /* Info.plist */,
			);
			path = CoctailMasterUITests;
			sourceTree = "<group>";
		};
		93363EF82565ACFA007F522D /* Frameworks */ = {
			isa = PBXGroup;
			children = (
				93363EF92565ACFA007F522D /* libswiftWebKit.tbd */,
				1B06A2371A8F9D1A0C0AEF82 /* libPods-CoctailMaster.a */,
				6E469835762DF08DC6A291BE /* libPods-CoctailMasterTests.a */,
			);
			name = Frameworks;
			sourceTree = "<group>";
		};
		93BC90D425A19DAB007EB91A /* ExtensionsAndUtils */ = {
			isa = PBXGroup;
			children = (
				93363EEA2565AA65007F522D /* AutolayoutWrapper.swift */,
				93D1A80725A1EF7E0077BB1D /* CommonUtils.swift */,
			);
			path = ExtensionsAndUtils;
			sourceTree = "<group>";
		};
		93BC90D525A19DBF007EB91A /* Modules */ = {
			isa = PBXGroup;
			children = (
				93363EB22565A998007F522D /* Coordinator.swift */,
				93BC90D625A19DC7007EB91A /* RootModule */,
			);
			path = Modules;
			sourceTree = "<group>";
		};
		93BC90D625A19DC7007EB91A /* RootModule */ = {
			isa = PBXGroup;
			children = (
				93363EAD2565A97E007F522D /* RootCoordinator.swift */,
				93363E612565A815007F522D /* RootViewController.swift */,
				93857AAE2565B18F00221DDD /* RootViewModel.swift */,
			);
			path = RootModule;
			sourceTree = "<group>";
		};
		93BC90D725A19DE4007EB91A /* Managers */ = {
			isa = PBXGroup;
			children = (
				93363F0A2565AE9F007F522D /* NetworkManager.swift */,
			);
			path = Managers;
			sourceTree = "<group>";
		};
		93BC90D825A19DF7007EB91A /* SupportingFiles */ = {
			isa = PBXGroup;
			children = (
				93363E5D2565A815007F522D /* AppDelegate.swift */,
				93363E5F2565A815007F522D /* SceneDelegate.swift */,
				93363E682565A815007F522D /* LaunchScreen.storyboard */,
				93363E6B2565A815007F522D /* Info.plist */,
			);
			path = SupportingFiles;
			sourceTree = "<group>";
		};
		93D1A7DA25A1EB870077BB1D /* DI */ = {
			isa = PBXGroup;
			children = (
				93D1A7DC25A1EB950077BB1D /* AppContainer.swift */,
				93D1A7DD25A1EB950077BB1D /* AppFramework.swift */,
			);
			path = DI;
			sourceTree = "<group>";
		};
		FE8BA8F8BAAECEC0B3E17C5C /* Pods */ = {
			isa = PBXGroup;
			children = (
				E7C63E56772337399B3E8A04 /* Pods-CoctailMaster.debug.xcconfig */,
				6228CF659E5FF1A3F12B3BD0 /* Pods-CoctailMaster.release.xcconfig */,
				6CD49FA5E1124582E95E2925 /* Pods-CoctailMasterTests.debug.xcconfig */,
				2174CAFF1C537064D4F3580C /* Pods-CoctailMasterTests.release.xcconfig */,
			);
			path = Pods;
			sourceTree = "<group>";
		};
/* End PBXGroup section */

/* Begin PBXNativeTarget section */
		93363E592565A815007F522D /* CoctailMaster */ = {
			isa = PBXNativeTarget;
			buildConfigurationList = 93363E842565A816007F522D /* Build configuration list for PBXNativeTarget "CoctailMaster" */;
			buildPhases = (
				513E67E61790AF5A5DA7BA2F /* [CP] Check Pods Manifest.lock */,
				93363E562565A815007F522D /* Sources */,
				93363E572565A815007F522D /* Frameworks */,
				93363E582565A815007F522D /* Resources */,
				9388FCA325A1960000DB1816 /* SwiftLint autocorrect */,
				9388FCA425A1961800DB1816 /* SwifLint Script */,
			);
			buildRules = (
			);
			dependencies = (
			);
			name = CoctailMaster;
			productName = CoctailMaster;
			productReference = 93363E5A2565A815007F522D /* CoctailMaster.app */;
			productType = "com.apple.product-type.application";
		};
		93363E6F2565A816007F522D /* CoctailMasterTests */ = {
			isa = PBXNativeTarget;
			buildConfigurationList = 93363E872565A816007F522D /* Build configuration list for PBXNativeTarget "CoctailMasterTests" */;
			buildPhases = (
				81C2A3E0AD65B23650144F7D /* [CP] Check Pods Manifest.lock */,
				93363E6C2565A816007F522D /* Sources */,
				93363E6D2565A816007F522D /* Frameworks */,
				93363E6E2565A816007F522D /* Resources */,
			);
			buildRules = (
			);
			dependencies = (
				93363E722565A816007F522D /* PBXTargetDependency */,
			);
			name = CoctailMasterTests;
			productName = CoctailMasterTests;
			productReference = 93363E702565A816007F522D /* CoctailMasterTests.xctest */;
			productType = "com.apple.product-type.bundle.unit-test";
		};
		93363E7A2565A816007F522D /* CoctailMasterUITests */ = {
			isa = PBXNativeTarget;
			buildConfigurationList = 93363E8A2565A816007F522D /* Build configuration list for PBXNativeTarget "CoctailMasterUITests" */;
			buildPhases = (
				93363E772565A816007F522D /* Sources */,
				93363E782565A816007F522D /* Frameworks */,
				93363E792565A816007F522D /* Resources */,
			);
			buildRules = (
			);
			dependencies = (
				93363E7D2565A816007F522D /* PBXTargetDependency */,
			);
			name = CoctailMasterUITests;
			productName = CoctailMasterUITests;
			productReference = 93363E7B2565A816007F522D /* CoctailMasterUITests.xctest */;
			productType = "com.apple.product-type.bundle.ui-testing";
		};
/* End PBXNativeTarget section */

/* Begin PBXProject section */
		93363E522565A815007F522D /* Project object */ = {
			isa = PBXProject;
			attributes = {
				LastSwiftUpdateCheck = 1220;
				LastUpgradeCheck = 1220;
				TargetAttributes = {
					93363E592565A815007F522D = {
						CreatedOnToolsVersion = 12.2;
					};
					93363E6F2565A816007F522D = {
						CreatedOnToolsVersion = 12.2;
						TestTargetID = 93363E592565A815007F522D;
					};
					93363E7A2565A816007F522D = {
						CreatedOnToolsVersion = 12.2;
						TestTargetID = 93363E592565A815007F522D;
					};
				};
			};
			buildConfigurationList = 93363E552565A815007F522D /* Build configuration list for PBXProject "CoctailMaster" */;
			compatibilityVersion = "Xcode 9.3";
			developmentRegion = en;
			hasScannedForEncodings = 0;
			knownRegions = (
				en,
				Base,
			);
			mainGroup = 93363E512565A815007F522D;
			productRefGroup = 93363E5B2565A815007F522D /* Products */;
			projectDirPath = "";
			projectRoot = "";
			targets = (
				93363E592565A815007F522D /* CoctailMaster */,
				93363E6F2565A816007F522D /* CoctailMasterTests */,
				93363E7A2565A816007F522D /* CoctailMasterUITests */,
			);
		};
/* End PBXProject section */

/* Begin PBXResourcesBuildPhase section */
		93363E582565A815007F522D /* Resources */ = {
			isa = PBXResourcesBuildPhase;
			buildActionMask = 2147483647;
			files = (
				93363E6A2565A815007F522D /* LaunchScreen.storyboard in Resources */,
				93363E672565A815007F522D /* Assets.xcassets in Resources */,
			);
			runOnlyForDeploymentPostprocessing = 0;
		};
		93363E6E2565A816007F522D /* Resources */ = {
			isa = PBXResourcesBuildPhase;
			buildActionMask = 2147483647;
			files = (
			);
			runOnlyForDeploymentPostprocessing = 0;
		};
		93363E792565A816007F522D /* Resources */ = {
			isa = PBXResourcesBuildPhase;
			buildActionMask = 2147483647;
			files = (
			);
			runOnlyForDeploymentPostprocessing = 0;
		};
/* End PBXResourcesBuildPhase section */

/* Begin PBXShellScriptBuildPhase section */
		513E67E61790AF5A5DA7BA2F /* [CP] Check Pods Manifest.lock */ = {
			isa = PBXShellScriptBuildPhase;
			buildActionMask = 2147483647;
			files = (
			);
			inputFileListPaths = (
			);
			inputPaths = (
				"${PODS_PODFILE_DIR_PATH}/Podfile.lock",
				"${PODS_ROOT}/Manifest.lock",
			);
			name = "[CP] Check Pods Manifest.lock";
			outputFileListPaths = (
			);
			outputPaths = (
				"$(DERIVED_FILE_DIR)/Pods-CoctailMaster-checkManifestLockResult.txt",
			);
			runOnlyForDeploymentPostprocessing = 0;
			shellPath = /bin/sh;
			shellScript = "diff \"${PODS_PODFILE_DIR_PATH}/Podfile.lock\" \"${PODS_ROOT}/Manifest.lock\" > /dev/null\nif [ $? != 0 ] ; then\n    # print error to STDERR\n    echo \"error: The sandbox is not in sync with the Podfile.lock. Run 'pod install' or update your CocoaPods installation.\" >&2\n    exit 1\nfi\n# This output is used by Xcode 'outputs' to avoid re-running this script phase.\necho \"SUCCESS\" > \"${SCRIPT_OUTPUT_FILE_0}\"\n";
			showEnvVarsInLog = 0;
		};
		81C2A3E0AD65B23650144F7D /* [CP] Check Pods Manifest.lock */ = {
			isa = PBXShellScriptBuildPhase;
			buildActionMask = 2147483647;
			files = (
			);
			inputFileListPaths = (
			);
			inputPaths = (
				"${PODS_PODFILE_DIR_PATH}/Podfile.lock",
				"${PODS_ROOT}/Manifest.lock",
			);
			name = "[CP] Check Pods Manifest.lock";
			outputFileListPaths = (
			);
			outputPaths = (
				"$(DERIVED_FILE_DIR)/Pods-CoctailMasterTests-checkManifestLockResult.txt",
			);
			runOnlyForDeploymentPostprocessing = 0;
			shellPath = /bin/sh;
			shellScript = "diff \"${PODS_PODFILE_DIR_PATH}/Podfile.lock\" \"${PODS_ROOT}/Manifest.lock\" > /dev/null\nif [ $? != 0 ] ; then\n    # print error to STDERR\n    echo \"error: The sandbox is not in sync with the Podfile.lock. Run 'pod install' or update your CocoaPods installation.\" >&2\n    exit 1\nfi\n# This output is used by Xcode 'outputs' to avoid re-running this script phase.\necho \"SUCCESS\" > \"${SCRIPT_OUTPUT_FILE_0}\"\n";
			showEnvVarsInLog = 0;
		};
		9388FCA325A1960000DB1816 /* SwiftLint autocorrect */ = {
			isa = PBXShellScriptBuildPhase;
			buildActionMask = 2147483647;
			files = (
			);
			inputFileListPaths = (
			);
			inputPaths = (
			);
			name = "SwiftLint autocorrect";
			outputFileListPaths = (
			);
			outputPaths = (
			);
			runOnlyForDeploymentPostprocessing = 0;
			shellPath = /bin/sh;
			shellScript = "# Type a script or drag a script file from your workspace to insert its path.\nif which swiftlint >/dev/null; then\nswiftlint autocorrect\nelse\necho \"warning: SwiftLint not installed, download from https://github.com/realm/SwiftLint\"\nfi\n";
		};
		9388FCA425A1961800DB1816 /* SwifLint Script */ = {
			isa = PBXShellScriptBuildPhase;
			buildActionMask = 2147483647;
			files = (
			);
			inputFileListPaths = (
			);
			inputPaths = (
			);
			name = "SwifLint Script";
			outputFileListPaths = (
			);
			outputPaths = (
			);
			runOnlyForDeploymentPostprocessing = 0;
			shellPath = /bin/sh;
			shellScript = "if which swiftlint >/dev/null; then\nswiftlint\nelse\necho \"warning: SwiftLint not installed, download from https://github.com/realm/SwiftLint\"\nfi\n";
		};
/* End PBXShellScriptBuildPhase section */

/* Begin PBXSourcesBuildPhase section */
		93363E562565A815007F522D /* Sources */ = {
			isa = PBXSourcesBuildPhase;
			buildActionMask = 2147483647;
			files = (
				93363E622565A815007F522D /* RootViewController.swift in Sources */,
				93363EAE2565A97E007F522D /* RootCoordinator.swift in Sources */,
				93363EEB2565AA65007F522D /* AutolayoutWrapper.swift in Sources */,
				93D1A80825A1EF7E0077BB1D /* CommonUtils.swift in Sources */,
				93363F0B2565AE9F007F522D /* NetworkManager.swift in Sources */,
				93363EB32565A998007F522D /* Coordinator.swift in Sources */,
				93D1A7E125A1EB950077BB1D /* AppFramework.swift in Sources */,
				93363E5E2565A815007F522D /* AppDelegate.swift in Sources */,
				93D1A7E025A1EB950077BB1D /* AppContainer.swift in Sources */,
				93857AAF2565B18F00221DDD /* RootViewModel.swift in Sources */,
				93363E602565A815007F522D /* SceneDelegate.swift in Sources */,
			);
			runOnlyForDeploymentPostprocessing = 0;
		};
		93363E6C2565A816007F522D /* Sources */ = {
			isa = PBXSourcesBuildPhase;
			buildActionMask = 2147483647;
			files = (
				93363E752565A816007F522D /* CoctailMasterTests.swift in Sources */,
			);
			runOnlyForDeploymentPostprocessing = 0;
		};
		93363E772565A816007F522D /* Sources */ = {
			isa = PBXSourcesBuildPhase;
			buildActionMask = 2147483647;
			files = (
				93363E802565A816007F522D /* CoctailMasterUITests.swift in Sources */,
			);
			runOnlyForDeploymentPostprocessing = 0;
		};
/* End PBXSourcesBuildPhase section */

/* Begin PBXTargetDependency section */
		93363E722565A816007F522D /* PBXTargetDependency */ = {
			isa = PBXTargetDependency;
			target = 93363E592565A815007F522D /* CoctailMaster */;
			targetProxy = 93363E712565A816007F522D /* PBXContainerItemProxy */;
		};
		93363E7D2565A816007F522D /* PBXTargetDependency */ = {
			isa = PBXTargetDependency;
			target = 93363E592565A815007F522D /* CoctailMaster */;
			targetProxy = 93363E7C2565A816007F522D /* PBXContainerItemProxy */;
		};
/* End PBXTargetDependency section */

/* Begin PBXVariantGroup section */
		93363E682565A815007F522D /* LaunchScreen.storyboard */ = {
			isa = PBXVariantGroup;
			children = (
				93363E692565A815007F522D /* Base */,
			);
			name = LaunchScreen.storyboard;
			sourceTree = "<group>";
		};
/* End PBXVariantGroup section */

/* Begin XCBuildConfiguration section */
		93363E822565A816007F522D /* Debug */ = {
			isa = XCBuildConfiguration;
			buildSettings = {
				ALWAYS_SEARCH_USER_PATHS = NO;
				CLANG_ANALYZER_NONNULL = YES;
				CLANG_ANALYZER_NUMBER_OBJECT_CONVERSION = YES_AGGRESSIVE;
				CLANG_CXX_LANGUAGE_STANDARD = "gnu++14";
				CLANG_CXX_LIBRARY = "libc++";
				CLANG_ENABLE_MODULES = YES;
				CLANG_ENABLE_OBJC_ARC = YES;
				CLANG_ENABLE_OBJC_WEAK = YES;
				CLANG_WARN_BLOCK_CAPTURE_AUTORELEASING = YES;
				CLANG_WARN_BOOL_CONVERSION = YES;
				CLANG_WARN_COMMA = YES;
				CLANG_WARN_CONSTANT_CONVERSION = YES;
				CLANG_WARN_DEPRECATED_OBJC_IMPLEMENTATIONS = YES;
				CLANG_WARN_DIRECT_OBJC_ISA_USAGE = YES_ERROR;
				CLANG_WARN_DOCUMENTATION_COMMENTS = YES;
				CLANG_WARN_EMPTY_BODY = YES;
				CLANG_WARN_ENUM_CONVERSION = YES;
				CLANG_WARN_INFINITE_RECURSION = YES;
				CLANG_WARN_INT_CONVERSION = YES;
				CLANG_WARN_NON_LITERAL_NULL_CONVERSION = YES;
				CLANG_WARN_OBJC_IMPLICIT_RETAIN_SELF = YES;
				CLANG_WARN_OBJC_LITERAL_CONVERSION = YES;
				CLANG_WARN_OBJC_ROOT_CLASS = YES_ERROR;
				CLANG_WARN_QUOTED_INCLUDE_IN_FRAMEWORK_HEADER = YES;
				CLANG_WARN_RANGE_LOOP_ANALYSIS = YES;
				CLANG_WARN_STRICT_PROTOTYPES = YES;
				CLANG_WARN_SUSPICIOUS_MOVE = YES;
				CLANG_WARN_UNGUARDED_AVAILABILITY = YES_AGGRESSIVE;
				CLANG_WARN_UNREACHABLE_CODE = YES;
				CLANG_WARN__DUPLICATE_METHOD_MATCH = YES;
				COPY_PHASE_STRIP = NO;
				DEBUG_INFORMATION_FORMAT = dwarf;
				ENABLE_STRICT_OBJC_MSGSEND = YES;
				ENABLE_TESTABILITY = YES;
				GCC_C_LANGUAGE_STANDARD = gnu11;
				GCC_DYNAMIC_NO_PIC = NO;
				GCC_NO_COMMON_BLOCKS = YES;
				GCC_OPTIMIZATION_LEVEL = 0;
				GCC_PREPROCESSOR_DEFINITIONS = (
					"DEBUG=1",
					"$(inherited)",
				);
				GCC_WARN_64_TO_32_BIT_CONVERSION = YES;
				GCC_WARN_ABOUT_RETURN_TYPE = YES_ERROR;
				GCC_WARN_UNDECLARED_SELECTOR = YES;
				GCC_WARN_UNINITIALIZED_AUTOS = YES_AGGRESSIVE;
				GCC_WARN_UNUSED_FUNCTION = YES;
				GCC_WARN_UNUSED_VARIABLE = YES;
				IPHONEOS_DEPLOYMENT_TARGET = 11.0;
				MTL_ENABLE_DEBUG_INFO = INCLUDE_SOURCE;
				MTL_FAST_MATH = YES;
				ONLY_ACTIVE_ARCH = YES;
				SDKROOT = iphoneos;
				SWIFT_ACTIVE_COMPILATION_CONDITIONS = DEBUG;
				SWIFT_OPTIMIZATION_LEVEL = "-Onone";
			};
			name = Debug;
		};
		93363E832565A816007F522D /* Release */ = {
			isa = XCBuildConfiguration;
			buildSettings = {
				ALWAYS_SEARCH_USER_PATHS = NO;
				CLANG_ANALYZER_NONNULL = YES;
				CLANG_ANALYZER_NUMBER_OBJECT_CONVERSION = YES_AGGRESSIVE;
				CLANG_CXX_LANGUAGE_STANDARD = "gnu++14";
				CLANG_CXX_LIBRARY = "libc++";
				CLANG_ENABLE_MODULES = YES;
				CLANG_ENABLE_OBJC_ARC = YES;
				CLANG_ENABLE_OBJC_WEAK = YES;
				CLANG_WARN_BLOCK_CAPTURE_AUTORELEASING = YES;
				CLANG_WARN_BOOL_CONVERSION = YES;
				CLANG_WARN_COMMA = YES;
				CLANG_WARN_CONSTANT_CONVERSION = YES;
				CLANG_WARN_DEPRECATED_OBJC_IMPLEMENTATIONS = YES;
				CLANG_WARN_DIRECT_OBJC_ISA_USAGE = YES_ERROR;
				CLANG_WARN_DOCUMENTATION_COMMENTS = YES;
				CLANG_WARN_EMPTY_BODY = YES;
				CLANG_WARN_ENUM_CONVERSION = YES;
				CLANG_WARN_INFINITE_RECURSION = YES;
				CLANG_WARN_INT_CONVERSION = YES;
				CLANG_WARN_NON_LITERAL_NULL_CONVERSION = YES;
				CLANG_WARN_OBJC_IMPLICIT_RETAIN_SELF = YES;
				CLANG_WARN_OBJC_LITERAL_CONVERSION = YES;
				CLANG_WARN_OBJC_ROOT_CLASS = YES_ERROR;
				CLANG_WARN_QUOTED_INCLUDE_IN_FRAMEWORK_HEADER = YES;
				CLANG_WARN_RANGE_LOOP_ANALYSIS = YES;
				CLANG_WARN_STRICT_PROTOTYPES = YES;
				CLANG_WARN_SUSPICIOUS_MOVE = YES;
				CLANG_WARN_UNGUARDED_AVAILABILITY = YES_AGGRESSIVE;
				CLANG_WARN_UNREACHABLE_CODE = YES;
				CLANG_WARN__DUPLICATE_METHOD_MATCH = YES;
				COPY_PHASE_STRIP = NO;
				DEBUG_INFORMATION_FORMAT = "dwarf-with-dsym";
				ENABLE_NS_ASSERTIONS = NO;
				ENABLE_STRICT_OBJC_MSGSEND = YES;
				GCC_C_LANGUAGE_STANDARD = gnu11;
				GCC_NO_COMMON_BLOCKS = YES;
				GCC_WARN_64_TO_32_BIT_CONVERSION = YES;
				GCC_WARN_ABOUT_RETURN_TYPE = YES_ERROR;
				GCC_WARN_UNDECLARED_SELECTOR = YES;
				GCC_WARN_UNINITIALIZED_AUTOS = YES_AGGRESSIVE;
				GCC_WARN_UNUSED_FUNCTION = YES;
				GCC_WARN_UNUSED_VARIABLE = YES;
				IPHONEOS_DEPLOYMENT_TARGET = 11.0;
				MTL_ENABLE_DEBUG_INFO = NO;
				MTL_FAST_MATH = YES;
				SDKROOT = iphoneos;
				SWIFT_COMPILATION_MODE = wholemodule;
				SWIFT_OPTIMIZATION_LEVEL = "-O";
				VALIDATE_PRODUCT = YES;
			};
			name = Release;
		};
		93363E852565A816007F522D /* Debug */ = {
			isa = XCBuildConfiguration;
			baseConfigurationReference = E7C63E56772337399B3E8A04 /* Pods-CoctailMaster.debug.xcconfig */;
			buildSettings = {
				ASSETCATALOG_COMPILER_APPICON_NAME = AppIcon;
				ASSETCATALOG_COMPILER_GLOBAL_ACCENT_COLOR_NAME = AccentColor;
				CODE_SIGN_STYLE = Automatic;
				INFOPLIST_FILE = CoctailMaster/SupportingFiles/Info.plist;
				IPHONEOS_DEPLOYMENT_TARGET = 11.0;
				LD_RUNPATH_SEARCH_PATHS = (
					"$(inherited)",
					"@executable_path/Frameworks",
				);
				PRODUCT_BUNDLE_IDENTIFIER = alexsib.CoctailMaster;
				PRODUCT_NAME = "$(TARGET_NAME)";
				SWIFT_VERSION = 5.0;
				TARGETED_DEVICE_FAMILY = 1;
			};
			name = Debug;
		};
		93363E862565A816007F522D /* Release */ = {
			isa = XCBuildConfiguration;
			baseConfigurationReference = 6228CF659E5FF1A3F12B3BD0 /* Pods-CoctailMaster.release.xcconfig */;
			buildSettings = {
				ASSETCATALOG_COMPILER_APPICON_NAME = AppIcon;
				ASSETCATALOG_COMPILER_GLOBAL_ACCENT_COLOR_NAME = AccentColor;
				CODE_SIGN_STYLE = Automatic;
				INFOPLIST_FILE = CoctailMaster/SupportingFiles/Info.plist;
				IPHONEOS_DEPLOYMENT_TARGET = 11.0;
				LD_RUNPATH_SEARCH_PATHS = (
					"$(inherited)",
					"@executable_path/Frameworks",
				);
				PRODUCT_BUNDLE_IDENTIFIER = alexsib.CoctailMaster;
				PRODUCT_NAME = "$(TARGET_NAME)";
				SWIFT_VERSION = 5.0;
				TARGETED_DEVICE_FAMILY = 1;
			};
			name = Release;
		};
		93363E882565A816007F522D /* Debug */ = {
			isa = XCBuildConfiguration;
			baseConfigurationReference = 6CD49FA5E1124582E95E2925 /* Pods-CoctailMasterTests.debug.xcconfig */;
			buildSettings = {
				BUNDLE_LOADER = "$(TEST_HOST)";
				CODE_SIGN_STYLE = Automatic;
				INFOPLIST_FILE = CoctailMasterTests/Info.plist;
				IPHONEOS_DEPLOYMENT_TARGET = 14.2;
				LD_RUNPATH_SEARCH_PATHS = (
					"$(inherited)",
					"@executable_path/Frameworks",
					"@loader_path/Frameworks",
				);
				PRODUCT_BUNDLE_IDENTIFIER = alexsib.CoctailMasterTests;
				PRODUCT_NAME = "$(TARGET_NAME)";
				SWIFT_VERSION = 5.0;
				TARGETED_DEVICE_FAMILY = "1,2";
				TEST_HOST = "$(BUILT_PRODUCTS_DIR)/CoctailMaster.app/CoctailMaster";
			};
			name = Debug;
		};
		93363E892565A816007F522D /* Release */ = {
			isa = XCBuildConfiguration;
			baseConfigurationReference = 2174CAFF1C537064D4F3580C /* Pods-CoctailMasterTests.release.xcconfig */;
			buildSettings = {
				BUNDLE_LOADER = "$(TEST_HOST)";
				CODE_SIGN_STYLE = Automatic;
				INFOPLIST_FILE = CoctailMasterTests/Info.plist;
				IPHONEOS_DEPLOYMENT_TARGET = 14.2;
				LD_RUNPATH_SEARCH_PATHS = (
					"$(inherited)",
					"@executable_path/Frameworks",
					"@loader_path/Frameworks",
				);
				PRODUCT_BUNDLE_IDENTIFIER = alexsib.CoctailMasterTests;
				PRODUCT_NAME = "$(TARGET_NAME)";
				SWIFT_VERSION = 5.0;
				TARGETED_DEVICE_FAMILY = "1,2";
				TEST_HOST = "$(BUILT_PRODUCTS_DIR)/CoctailMaster.app/CoctailMaster";
			};
			name = Release;
		};
		93363E8B2565A816007F522D /* Debug */ = {
			isa = XCBuildConfiguration;
			buildSettings = {
				CODE_SIGN_STYLE = Automatic;
				INFOPLIST_FILE = CoctailMasterUITests/Info.plist;
				LD_RUNPATH_SEARCH_PATHS = (
					"$(inherited)",
					"@executable_path/Frameworks",
					"@loader_path/Frameworks",
				);
				PRODUCT_BUNDLE_IDENTIFIER = alexsib.CoctailMasterUITests;
				PRODUCT_NAME = "$(TARGET_NAME)";
				SWIFT_VERSION = 5.0;
				TARGETED_DEVICE_FAMILY = "1,2";
				TEST_TARGET_NAME = CoctailMaster;
			};
			name = Debug;
		};
		93363E8C2565A816007F522D /* Release */ = {
			isa = XCBuildConfiguration;
			buildSettings = {
				CODE_SIGN_STYLE = Automatic;
				INFOPLIST_FILE = CoctailMasterUITests/Info.plist;
				LD_RUNPATH_SEARCH_PATHS = (
					"$(inherited)",
					"@executable_path/Frameworks",
					"@loader_path/Frameworks",
				);
				PRODUCT_BUNDLE_IDENTIFIER = alexsib.CoctailMasterUITests;
				PRODUCT_NAME = "$(TARGET_NAME)";
				SWIFT_VERSION = 5.0;
				TARGETED_DEVICE_FAMILY = "1,2";
				TEST_TARGET_NAME = CoctailMaster;
			};
			name = Release;
		};
/* End XCBuildConfiguration section */

/* Begin XCConfigurationList section */
		93363E552565A815007F522D /* Build configuration list for PBXProject "CoctailMaster" */ = {
			isa = XCConfigurationList;
			buildConfigurations = (
				93363E822565A816007F522D /* Debug */,
				93363E832565A816007F522D /* Release */,
			);
			defaultConfigurationIsVisible = 0;
			defaultConfigurationName = Release;
		};
		93363E842565A816007F522D /* Build configuration list for PBXNativeTarget "CoctailMaster" */ = {
			isa = XCConfigurationList;
			buildConfigurations = (
				93363E852565A816007F522D /* Debug */,
				93363E862565A816007F522D /* Release */,
			);
			defaultConfigurationIsVisible = 0;
			defaultConfigurationName = Release;
		};
		93363E872565A816007F522D /* Build configuration list for PBXNativeTarget "CoctailMasterTests" */ = {
			isa = XCConfigurationList;
			buildConfigurations = (
				93363E882565A816007F522D /* Debug */,
				93363E892565A816007F522D /* Release */,
			);
			defaultConfigurationIsVisible = 0;
			defaultConfigurationName = Release;
		};
		93363E8A2565A816007F522D /* Build configuration list for PBXNativeTarget "CoctailMasterUITests" */ = {
			isa = XCConfigurationList;
			buildConfigurations = (
				93363E8B2565A816007F522D /* Debug */,
				93363E8C2565A816007F522D /* Release */,
			);
			defaultConfigurationIsVisible = 0;
			defaultConfigurationName = Release;
		};
/* End XCConfigurationList section */
	};
	rootObject = 93363E522565A815007F522D /* Project object */;
}
